// !$*UTF8*$!
{
	archiveVersion = 1;
	classes = {
	};
	objectVersion = 56;
	objects = {

/* Begin PBXBuildFile section */
		B609E9F72B5D25F300EDFA92 /* AppDelegate.swift in Sources */ = {isa = PBXBuildFile; fileRef = B609E9F62B5D25F300EDFA92 /* AppDelegate.swift */; };
		B609E9F92B5D25F300EDFA92 /* SceneDelegate.swift in Sources */ = {isa = PBXBuildFile; fileRef = B609E9F82B5D25F300EDFA92 /* SceneDelegate.swift */; };
		B609EA002B5D25F500EDFA92 /* Assets.xcassets in Resources */ = {isa = PBXBuildFile; fileRef = B609E9FF2B5D25F500EDFA92 /* Assets.xcassets */; };
		B609EA032B5D25F500EDFA92 /* LaunchScreen.storyboard in Resources */ = {isa = PBXBuildFile; fileRef = B609EA012B5D25F500EDFA92 /* LaunchScreen.storyboard */; };
		B609EA0D2B5D2C2300EDFA92 /* HomeViewController.swift in Sources */ = {isa = PBXBuildFile; fileRef = B609EA0C2B5D2C2300EDFA92 /* HomeViewController.swift */; };
		B609EA102B5D32EA00EDFA92 /* NetworkManager.swift in Sources */ = {isa = PBXBuildFile; fileRef = B609EA0F2B5D32EA00EDFA92 /* NetworkManager.swift */; };
		B609EA142B5D34FE00EDFA92 /* APIURLs.swift in Sources */ = {isa = PBXBuildFile; fileRef = B609EA132B5D34FE00EDFA92 /* APIURLs.swift */; };
		B609EA172B5D356100EDFA92 /* GameService.swift in Sources */ = {isa = PBXBuildFile; fileRef = B609EA162B5D356100EDFA92 /* GameService.swift */; };
		B609EA1A2B5D38AE00EDFA92 /* Game.swift in Sources */ = {isa = PBXBuildFile; fileRef = B609EA192B5D38AE00EDFA92 /* Game.swift */; };
		B609EA1C2B5D402A00EDFA92 /* HomeViewModel.swift in Sources */ = {isa = PBXBuildFile; fileRef = B609EA1B2B5D402A00EDFA92 /* HomeViewModel.swift */; };
		B609EA1F2B5D432F00EDFA92 /* GameCell.swift in Sources */ = {isa = PBXBuildFile; fileRef = B609EA1E2B5D432F00EDFA92 /* GameCell.swift */; };
		B609EA212B5D49ED00EDFA92 /* UIHelper.swift in Sources */ = {isa = PBXBuildFile; fileRef = B609EA202B5D49ED00EDFA92 /* UIHelper.swift */; };
		B609EA242B5D4A5000EDFA92 /* CGFloat+Extension.swift in Sources */ = {isa = PBXBuildFile; fileRef = B609EA232B5D4A5000EDFA92 /* CGFloat+Extension.swift */; };
		B609EA262B5D4C4F00EDFA92 /* CollectionView+Extension.swift in Sources */ = {isa = PBXBuildFile; fileRef = B609EA252B5D4C4F00EDFA92 /* CollectionView+Extension.swift */; };
		B609EA282B5D4D1500EDFA92 /* PosterImageView.swift in Sources */ = {isa = PBXBuildFile; fileRef = B609EA272B5D4D1500EDFA92 /* PosterImageView.swift */; };
/* End PBXBuildFile section */

/* Begin PBXFileReference section */
		B609E9F32B5D25F300EDFA92 /* Video-Games-App-MVVM-ProgrammaticUI.app */ = {isa = PBXFileReference; explicitFileType = wrapper.application; includeInIndex = 0; path = "Video-Games-App-MVVM-ProgrammaticUI.app"; sourceTree = BUILT_PRODUCTS_DIR; };
		B609E9F62B5D25F300EDFA92 /* AppDelegate.swift */ = {isa = PBXFileReference; lastKnownFileType = sourcecode.swift; path = AppDelegate.swift; sourceTree = "<group>"; };
		B609E9F82B5D25F300EDFA92 /* SceneDelegate.swift */ = {isa = PBXFileReference; lastKnownFileType = sourcecode.swift; path = SceneDelegate.swift; sourceTree = "<group>"; };
		B609E9FF2B5D25F500EDFA92 /* Assets.xcassets */ = {isa = PBXFileReference; lastKnownFileType = folder.assetcatalog; path = Assets.xcassets; sourceTree = "<group>"; };
		B609EA022B5D25F500EDFA92 /* Base */ = {isa = PBXFileReference; lastKnownFileType = file.storyboard; name = Base; path = Base.lproj/LaunchScreen.storyboard; sourceTree = "<group>"; };
		B609EA042B5D25F500EDFA92 /* Info.plist */ = {isa = PBXFileReference; lastKnownFileType = text.plist.xml; path = Info.plist; sourceTree = "<group>"; };
		B609EA0C2B5D2C2300EDFA92 /* HomeViewController.swift */ = {isa = PBXFileReference; lastKnownFileType = sourcecode.swift; path = HomeViewController.swift; sourceTree = "<group>"; };
		B609EA0F2B5D32EA00EDFA92 /* NetworkManager.swift */ = {isa = PBXFileReference; lastKnownFileType = sourcecode.swift; name = NetworkManager.swift; path = "Video-Games-App-MVVM-ProgrammaticUI/NetworkManager.swift"; sourceTree = SOURCE_ROOT; };
		B609EA132B5D34FE00EDFA92 /* APIURLs.swift */ = {isa = PBXFileReference; lastKnownFileType = sourcecode.swift; path = APIURLs.swift; sourceTree = "<group>"; };
		B609EA162B5D356100EDFA92 /* GameService.swift */ = {isa = PBXFileReference; lastKnownFileType = sourcecode.swift; path = GameService.swift; sourceTree = "<group>"; };
		B609EA192B5D38AE00EDFA92 /* Game.swift */ = {isa = PBXFileReference; lastKnownFileType = sourcecode.swift; path = Game.swift; sourceTree = "<group>"; };
		B609EA1B2B5D402A00EDFA92 /* HomeViewModel.swift */ = {isa = PBXFileReference; lastKnownFileType = sourcecode.swift; path = HomeViewModel.swift; sourceTree = "<group>"; };
		B609EA1E2B5D432F00EDFA92 /* GameCell.swift */ = {isa = PBXFileReference; lastKnownFileType = sourcecode.swift; path = GameCell.swift; sourceTree = "<group>"; };
		B609EA202B5D49ED00EDFA92 /* UIHelper.swift */ = {isa = PBXFileReference; lastKnownFileType = sourcecode.swift; path = UIHelper.swift; sourceTree = "<group>"; };
		B609EA232B5D4A5000EDFA92 /* CGFloat+Extension.swift */ = {isa = PBXFileReference; lastKnownFileType = sourcecode.swift; path = "CGFloat+Extension.swift"; sourceTree = "<group>"; };
		B609EA252B5D4C4F00EDFA92 /* CollectionView+Extension.swift */ = {isa = PBXFileReference; lastKnownFileType = sourcecode.swift; name = "CollectionView+Extension.swift"; path = "../../../../../CollectionView+Extension.swift"; sourceTree = "<group>"; };
		B609EA272B5D4D1500EDFA92 /* PosterImageView.swift */ = {isa = PBXFileReference; lastKnownFileType = sourcecode.swift; path = PosterImageView.swift; sourceTree = "<group>"; };
/* End PBXFileReference section */

/* Begin PBXFrameworksBuildPhase section */
		B609E9F02B5D25F300EDFA92 /* Frameworks */ = {
			isa = PBXFrameworksBuildPhase;
			buildActionMask = 2147483647;
			files = (
			);
			runOnlyForDeploymentPostprocessing = 0;
		};
/* End PBXFrameworksBuildPhase section */

/* Begin PBXGroup section */
		B609E9EA2B5D25F300EDFA92 = {
			isa = PBXGroup;
			children = (
				B609E9F52B5D25F300EDFA92 /* Video-Games-App-MVVM-ProgrammaticUI */,
				B609E9F42B5D25F300EDFA92 /* Products */,
			);
			sourceTree = "<group>";
		};
		B609E9F42B5D25F300EDFA92 /* Products */ = {
			isa = PBXGroup;
			children = (
				B609E9F32B5D25F300EDFA92 /* Video-Games-App-MVVM-ProgrammaticUI.app */,
			);
			name = Products;
			sourceTree = "<group>";
		};
		B609E9F52B5D25F300EDFA92 /* Video-Games-App-MVVM-ProgrammaticUI */ = {
			isa = PBXGroup;
			children = (
				B609EA222B5D4A3200EDFA92 /* Extensions */,
				B609EA182B5D38A100EDFA92 /* Models */,
				B609EA152B5D355100EDFA92 /* Services */,
				B609EA0E2B5D32D200EDFA92 /* Utilities */,
				B609EA112B5D348B00EDFA92 /* Core */,
				B609E9F62B5D25F300EDFA92 /* AppDelegate.swift */,
				B609E9F82B5D25F300EDFA92 /* SceneDelegate.swift */,
				B609E9FF2B5D25F500EDFA92 /* Assets.xcassets */,
				B609EA012B5D25F500EDFA92 /* LaunchScreen.storyboard */,
				B609EA042B5D25F500EDFA92 /* Info.plist */,
			);
			path = "Video-Games-App-MVVM-ProgrammaticUI";
			sourceTree = "<group>";
		};
		B609EA0E2B5D32D200EDFA92 /* Utilities */ = {
			isa = PBXGroup;
			children = (
				B609EA0F2B5D32EA00EDFA92 /* NetworkManager.swift */,
				B609EA132B5D34FE00EDFA92 /* APIURLs.swift */,
				B609EA202B5D49ED00EDFA92 /* UIHelper.swift */,
			);
			path = Utilities;
			sourceTree = "<group>";
		};
		B609EA112B5D348B00EDFA92 /* Core */ = {
			isa = PBXGroup;
			children = (
				B609EA1D2B5D42EB00EDFA92 /* Components */,
				B609EA122B5D349400EDFA92 /* HomeScreen */,
			);
			path = Core;
			sourceTree = "<group>";
		};
		B609EA122B5D349400EDFA92 /* HomeScreen */ = {
			isa = PBXGroup;
			children = (
				B609EA0C2B5D2C2300EDFA92 /* HomeViewController.swift */,
				B609EA1B2B5D402A00EDFA92 /* HomeViewModel.swift */,
			);
			path = HomeScreen;
			sourceTree = "<group>";
		};
		B609EA152B5D355100EDFA92 /* Services */ = {
			isa = PBXGroup;
			children = (
				B609EA162B5D356100EDFA92 /* GameService.swift */,
			);
			path = Services;
			sourceTree = "<group>";
		};
		B609EA182B5D38A100EDFA92 /* Models */ = {
			isa = PBXGroup;
			children = (
				B609EA192B5D38AE00EDFA92 /* Game.swift */,
			);
			path = Models;
			sourceTree = "<group>";
		};
		B609EA1D2B5D42EB00EDFA92 /* Components */ = {
			isa = PBXGroup;
			children = (
				B609EA1E2B5D432F00EDFA92 /* GameCell.swift */,
				B609EA272B5D4D1500EDFA92 /* PosterImageView.swift */,
			);
			path = Components;
			sourceTree = "<group>";
		};
		B609EA222B5D4A3200EDFA92 /* Extensions */ = {
			isa = PBXGroup;
			children = (
				B609EA232B5D4A5000EDFA92 /* CGFloat+Extension.swift */,
				B609EA252B5D4C4F00EDFA92 /* CollectionView+Extension.swift */,
			);
			path = Extensions;
			sourceTree = "<group>";
		};
/* End PBXGroup section */

/* Begin PBXNativeTarget section */
		B609E9F22B5D25F300EDFA92 /* Video-Games-App-MVVM-ProgrammaticUI */ = {
			isa = PBXNativeTarget;
			buildConfigurationList = B609EA072B5D25F500EDFA92 /* Build configuration list for PBXNativeTarget "Video-Games-App-MVVM-ProgrammaticUI" */;
			buildPhases = (
				B609E9EF2B5D25F300EDFA92 /* Sources */,
				B609E9F02B5D25F300EDFA92 /* Frameworks */,
				B609E9F12B5D25F300EDFA92 /* Resources */,
			);
			buildRules = (
			);
			dependencies = (
			);
			name = "Video-Games-App-MVVM-ProgrammaticUI";
			productName = "Video-Games-App-MVVM-ProgrammaticUI";
			productReference = B609E9F32B5D25F300EDFA92 /* Video-Games-App-MVVM-ProgrammaticUI.app */;
			productType = "com.apple.product-type.application";
		};
/* End PBXNativeTarget section */

/* Begin PBXProject section */
		B609E9EB2B5D25F300EDFA92 /* Project object */ = {
			isa = PBXProject;
			attributes = {
				BuildIndependentTargetsInParallel = 1;
				LastSwiftUpdateCheck = 1520;
				LastUpgradeCheck = 1520;
				TargetAttributes = {
					B609E9F22B5D25F300EDFA92 = {
						CreatedOnToolsVersion = 15.2;
					};
				};
			};
			buildConfigurationList = B609E9EE2B5D25F300EDFA92 /* Build configuration list for PBXProject "Video-Games-App-MVVM-ProgrammaticUI" */;
			compatibilityVersion = "Xcode 14.0";
			developmentRegion = en;
			hasScannedForEncodings = 0;
			knownRegions = (
				en,
				Base,
			);
			mainGroup = B609E9EA2B5D25F300EDFA92;
			productRefGroup = B609E9F42B5D25F300EDFA92 /* Products */;
			projectDirPath = "";
			projectRoot = "";
			targets = (
				B609E9F22B5D25F300EDFA92 /* Video-Games-App-MVVM-ProgrammaticUI */,
			);
		};
/* End PBXProject section */

/* Begin PBXResourcesBuildPhase section */
		B609E9F12B5D25F300EDFA92 /* Resources */ = {
			isa = PBXResourcesBuildPhase;
			buildActionMask = 2147483647;
			files = (
				B609EA032B5D25F500EDFA92 /* LaunchScreen.storyboard in Resources */,
				B609EA002B5D25F500EDFA92 /* Assets.xcassets in Resources */,
			);
			runOnlyForDeploymentPostprocessing = 0;
		};
/* End PBXResourcesBuildPhase section */

/* Begin PBXSourcesBuildPhase section */
		B609E9EF2B5D25F300EDFA92 /* Sources */ = {
			isa = PBXSourcesBuildPhase;
			buildActionMask = 2147483647;
			files = (
				B609EA102B5D32EA00EDFA92 /* NetworkManager.swift in Sources */,
				B609E9F72B5D25F300EDFA92 /* AppDelegate.swift in Sources */,
				B609EA1F2B5D432F00EDFA92 /* GameCell.swift in Sources */,
				B609EA212B5D49ED00EDFA92 /* UIHelper.swift in Sources */,
				B609EA262B5D4C4F00EDFA92 /* CollectionView+Extension.swift in Sources */,
				B609EA1A2B5D38AE00EDFA92 /* Game.swift in Sources */,
				B609EA1C2B5D402A00EDFA92 /* HomeViewModel.swift in Sources */,
				B609EA242B5D4A5000EDFA92 /* CGFloat+Extension.swift in Sources */,
				B609E9F92B5D25F300EDFA92 /* SceneDelegate.swift in Sources */,
				B609EA172B5D356100EDFA92 /* GameService.swift in Sources */,
				B609EA142B5D34FE00EDFA92 /* APIURLs.swift in Sources */,
				B609EA282B5D4D1500EDFA92 /* PosterImageView.swift in Sources */,
				B609EA0D2B5D2C2300EDFA92 /* HomeViewController.swift in Sources */,
			);
			runOnlyForDeploymentPostprocessing = 0;
		};
/* End PBXSourcesBuildPhase section */

/* Begin PBXVariantGroup section */
		B609EA012B5D25F500EDFA92 /* LaunchScreen.storyboard */ = {
			isa = PBXVariantGroup;
			children = (
				B609EA022B5D25F500EDFA92 /* Base */,
			);
			name = LaunchScreen.storyboard;
			sourceTree = "<group>";
		};
/* End PBXVariantGroup section */

/* Begin XCBuildConfiguration section */
		B609EA052B5D25F500EDFA92 /* Debug */ = {
			isa = XCBuildConfiguration;
			buildSettings = {
				ALWAYS_SEARCH_USER_PATHS = NO;
				ASSETCATALOG_COMPILER_GENERATE_SWIFT_ASSET_SYMBOL_EXTENSIONS = YES;
				CLANG_ANALYZER_NONNULL = YES;
				CLANG_ANALYZER_NUMBER_OBJECT_CONVERSION = YES_AGGRESSIVE;
				CLANG_CXX_LANGUAGE_STANDARD = "gnu++20";
				CLANG_ENABLE_MODULES = YES;
				CLANG_ENABLE_OBJC_ARC = YES;
				CLANG_ENABLE_OBJC_WEAK = YES;
				CLANG_WARN_BLOCK_CAPTURE_AUTORELEASING = YES;
				CLANG_WARN_BOOL_CONVERSION = YES;
				CLANG_WARN_COMMA = YES;
				CLANG_WARN_CONSTANT_CONVERSION = YES;
				CLANG_WARN_DEPRECATED_OBJC_IMPLEMENTATIONS = YES;
				CLANG_WARN_DIRECT_OBJC_ISA_USAGE = YES_ERROR;
				CLANG_WARN_DOCUMENTATION_COMMENTS = YES;
				CLANG_WARN_EMPTY_BODY = YES;
				CLANG_WARN_ENUM_CONVERSION = YES;
				CLANG_WARN_INFINITE_RECURSION = YES;
				CLANG_WARN_INT_CONVERSION = YES;
				CLANG_WARN_NON_LITERAL_NULL_CONVERSION = YES;
				CLANG_WARN_OBJC_IMPLICIT_RETAIN_SELF = YES;
				CLANG_WARN_OBJC_LITERAL_CONVERSION = YES;
				CLANG_WARN_OBJC_ROOT_CLASS = YES_ERROR;
				CLANG_WARN_QUOTED_INCLUDE_IN_FRAMEWORK_HEADER = YES;
				CLANG_WARN_RANGE_LOOP_ANALYSIS = YES;
				CLANG_WARN_STRICT_PROTOTYPES = YES;
				CLANG_WARN_SUSPICIOUS_MOVE = YES;
				CLANG_WARN_UNGUARDED_AVAILABILITY = YES_AGGRESSIVE;
				CLANG_WARN_UNREACHABLE_CODE = YES;
				CLANG_WARN__DUPLICATE_METHOD_MATCH = YES;
				COPY_PHASE_STRIP = NO;
				DEBUG_INFORMATION_FORMAT = dwarf;
				ENABLE_STRICT_OBJC_MSGSEND = YES;
				ENABLE_TESTABILITY = YES;
				ENABLE_USER_SCRIPT_SANDBOXING = YES;
				GCC_C_LANGUAGE_STANDARD = gnu17;
				GCC_DYNAMIC_NO_PIC = NO;
				GCC_NO_COMMON_BLOCKS = YES;
				GCC_OPTIMIZATION_LEVEL = 0;
				GCC_PREPROCESSOR_DEFINITIONS = (
					"DEBUG=1",
					"$(inherited)",
				);
				GCC_WARN_64_TO_32_BIT_CONVERSION = YES;
				GCC_WARN_ABOUT_RETURN_TYPE = YES_ERROR;
				GCC_WARN_UNDECLARED_SELECTOR = YES;
				GCC_WARN_UNINITIALIZED_AUTOS = YES_AGGRESSIVE;
				GCC_WARN_UNUSED_FUNCTION = YES;
				GCC_WARN_UNUSED_VARIABLE = YES;
				IPHONEOS_DEPLOYMENT_TARGET = 17.2;
				LOCALIZATION_PREFERS_STRING_CATALOGS = YES;
				MTL_ENABLE_DEBUG_INFO = INCLUDE_SOURCE;
				MTL_FAST_MATH = YES;
				ONLY_ACTIVE_ARCH = YES;
				SDKROOT = iphoneos;
				SWIFT_ACTIVE_COMPILATION_CONDITIONS = "DEBUG $(inherited)";
				SWIFT_OPTIMIZATION_LEVEL = "-Onone";
			};
			name = Debug;
		};
		B609EA062B5D25F500EDFA92 /* Release */ = {
			isa = XCBuildConfiguration;
			buildSettings = {
				ALWAYS_SEARCH_USER_PATHS = NO;
				ASSETCATALOG_COMPILER_GENERATE_SWIFT_ASSET_SYMBOL_EXTENSIONS = YES;
				CLANG_ANALYZER_NONNULL = YES;
				CLANG_ANALYZER_NUMBER_OBJECT_CONVERSION = YES_AGGRESSIVE;
				CLANG_CXX_LANGUAGE_STANDARD = "gnu++20";
				CLANG_ENABLE_MODULES = YES;
				CLANG_ENABLE_OBJC_ARC = YES;
				CLANG_ENABLE_OBJC_WEAK = YES;
				CLANG_WARN_BLOCK_CAPTURE_AUTORELEASING = YES;
				CLANG_WARN_BOOL_CONVERSION = YES;
				CLANG_WARN_COMMA = YES;
				CLANG_WARN_CONSTANT_CONVERSION = YES;
				CLANG_WARN_DEPRECATED_OBJC_IMPLEMENTATIONS = YES;
				CLANG_WARN_DIRECT_OBJC_ISA_USAGE = YES_ERROR;
				CLANG_WARN_DOCUMENTATION_COMMENTS = YES;
				CLANG_WARN_EMPTY_BODY = YES;
				CLANG_WARN_ENUM_CONVERSION = YES;
				CLANG_WARN_INFINITE_RECURSION = YES;
				CLANG_WARN_INT_CONVERSION = YES;
				CLANG_WARN_NON_LITERAL_NULL_CONVERSION = YES;
				CLANG_WARN_OBJC_IMPLICIT_RETAIN_SELF = YES;
				CLANG_WARN_OBJC_LITERAL_CONVERSION = YES;
				CLANG_WARN_OBJC_ROOT_CLASS = YES_ERROR;
				CLANG_WARN_QUOTED_INCLUDE_IN_FRAMEWORK_HEADER = YES;
				CLANG_WARN_RANGE_LOOP_ANALYSIS = YES;
				CLANG_WARN_STRICT_PROTOTYPES = YES;
				CLANG_WARN_SUSPICIOUS_MOVE = YES;
				CLANG_WARN_UNGUARDED_AVAILABILITY = YES_AGGRESSIVE;
				CLANG_WARN_UNREACHABLE_CODE = YES;
				CLANG_WARN__DUPLICATE_METHOD_MATCH = YES;
				COPY_PHASE_STRIP = NO;
				DEBUG_INFORMATION_FORMAT = "dwarf-with-dsym";
				ENABLE_NS_ASSERTIONS = NO;
				ENABLE_STRICT_OBJC_MSGSEND = YES;
				ENABLE_USER_SCRIPT_SANDBOXING = YES;
				GCC_C_LANGUAGE_STANDARD = gnu17;
				GCC_NO_COMMON_BLOCKS = YES;
				GCC_WARN_64_TO_32_BIT_CONVERSION = YES;
				GCC_WARN_ABOUT_RETURN_TYPE = YES_ERROR;
				GCC_WARN_UNDECLARED_SELECTOR = YES;
				GCC_WARN_UNINITIALIZED_AUTOS = YES_AGGRESSIVE;
				GCC_WARN_UNUSED_FUNCTION = YES;
				GCC_WARN_UNUSED_VARIABLE = YES;
				IPHONEOS_DEPLOYMENT_TARGET = 17.2;
				LOCALIZATION_PREFERS_STRING_CATALOGS = YES;
				MTL_ENABLE_DEBUG_INFO = NO;
				MTL_FAST_MATH = YES;
				SDKROOT = iphoneos;
				SWIFT_COMPILATION_MODE = wholemodule;
				VALIDATE_PRODUCT = YES;
			};
			name = Release;
		};
		B609EA082B5D25F500EDFA92 /* Debug */ = {
			isa = XCBuildConfiguration;
			buildSettings = {
				ASSETCATALOG_COMPILER_APPICON_NAME = AppIcon;
				ASSETCATALOG_COMPILER_GLOBAL_ACCENT_COLOR_NAME = AccentColor;
				CODE_SIGN_STYLE = Automatic;
				CURRENT_PROJECT_VERSION = 1;
				DEVELOPMENT_TEAM = VPZ673SNB7;
				GENERATE_INFOPLIST_FILE = YES;
				INFOPLIST_FILE = "Video-Games-App-MVVM-ProgrammaticUI/Info.plist";
				INFOPLIST_KEY_UIApplicationSupportsIndirectInputEvents = YES;
				INFOPLIST_KEY_UILaunchStoryboardName = LaunchScreen;
				INFOPLIST_KEY_UISupportedInterfaceOrientations = UIInterfaceOrientationPortrait;
				INFOPLIST_KEY_UISupportedInterfaceOrientations_iPad = "UIInterfaceOrientationLandscapeLeft UIInterfaceOrientationLandscapeRight UIInterfaceOrientationPortrait UIInterfaceOrientationPortraitUpsideDown";
				IPHONEOS_DEPLOYMENT_TARGET = 17.0;
				LD_RUNPATH_SEARCH_PATHS = (
					"$(inherited)",
					"@executable_path/Frameworks",
				);
				MARKETING_VERSION = 1.0;
				PRODUCT_BUNDLE_IDENTIFIER = "dev.oemurlu.Video-Games-App-MVVM-ProgrammaticUI";
				PRODUCT_NAME = "$(TARGET_NAME)";
				SWIFT_EMIT_LOC_STRINGS = YES;
				SWIFT_VERSION = 5.0;
				TARGETED_DEVICE_FAMILY = "1,2";
			};
			name = Debug;
		};
		B609EA092B5D25F500EDFA92 /* Release */ = {
			isa = XCBuildConfiguration;
			buildSettings = {
				ASSETCATALOG_COMPILER_APPICON_NAME = AppIcon;
				ASSETCATALOG_COMPILER_GLOBAL_ACCENT_COLOR_NAME = AccentColor;
				CODE_SIGN_STYLE = Automatic;
				CURRENT_PROJECT_VERSION = 1;
				DEVELOPMENT_TEAM = VPZ673SNB7;
				GENERATE_INFOPLIST_FILE = YES;
				INFOPLIST_FILE = "Video-Games-App-MVVM-ProgrammaticUI/Info.plist";
				INFOPLIST_KEY_UIApplicationSupportsIndirectInputEvents = YES;
				INFOPLIST_KEY_UILaunchStoryboardName = LaunchScreen;
				INFOPLIST_KEY_UISupportedInterfaceOrientations = UIInterfaceOrientationPortrait;
				INFOPLIST_KEY_UISupportedInterfaceOrientations_iPad = "UIInterfaceOrientationLandscapeLeft UIInterfaceOrientationLandscapeRight UIInterfaceOrientationPortrait UIInterfaceOrientationPortraitUpsideDown";
				IPHONEOS_DEPLOYMENT_TARGET = 17.0;
				LD_RUNPATH_SEARCH_PATHS = (
					"$(inherited)",
					"@executable_path/Frameworks",
				);
				MARKETING_VERSION = 1.0;
				PRODUCT_BUNDLE_IDENTIFIER = "dev.oemurlu.Video-Games-App-MVVM-ProgrammaticUI";
				PRODUCT_NAME = "$(TARGET_NAME)";
				SWIFT_EMIT_LOC_STRINGS = YES;
				SWIFT_VERSION = 5.0;
				TARGETED_DEVICE_FAMILY = "1,2";
			};
			name = Release;
		};
/* End XCBuildConfiguration section */

/* Begin XCConfigurationList section */
		B609E9EE2B5D25F300EDFA92 /* Build configuration list for PBXProject "Video-Games-App-MVVM-ProgrammaticUI" */ = {
			isa = XCConfigurationList;
			buildConfigurations = (
				B609EA052B5D25F500EDFA92 /* Debug */,
				B609EA062B5D25F500EDFA92 /* Release */,
			);
			defaultConfigurationIsVisible = 0;
			defaultConfigurationName = Release;
		};
		B609EA072B5D25F500EDFA92 /* Build configuration list for PBXNativeTarget "Video-Games-App-MVVM-ProgrammaticUI" */ = {
			isa = XCConfigurationList;
			buildConfigurations = (
				B609EA082B5D25F500EDFA92 /* Debug */,
				B609EA092B5D25F500EDFA92 /* Release */,
			);
			defaultConfigurationIsVisible = 0;
			defaultConfigurationName = Release;
		};
/* End XCConfigurationList section */
	};
	rootObject = B609E9EB2B5D25F300EDFA92 /* Project object */;
}
